GEM
  remote: https://rubygems.org/
  specs:
    minitest (6.0.1)
      prism (~> 1.5)
    prism (1.7.0)
    rake (13.3.1)

PLATFORMS
  x64-mingw-ucrt

DEPENDENCIES
  minitest (~> 6.0)
  rake (~> 13.0)

CHECKSUMS
  minitest (6.0.1)
  prism (1.7.0)
  rake (13.3.1)

RUBY VERSION
  ruby 3.4.7

BUNDLED WITH
  4.0.3
